
Microsoft Visual Studio Solution File, Format Version 12.00
# Visual Studio 15
VisualStudioVersion = 15.0.26124.0
MinimumVisualStudioVersion = 15.0.26124.0
Project("{2150E333-8FDC-42A3-9474-1A3956D46DE8}") = "web", "web", "{10365A46-EB95-4C3F-886C-4A0C883BB0AB}"
EndProject
Project("{2150E333-8FDC-42A3-9474-1A3956D46DE8}") = "src", "src", "{2270A23F-C82A-45CA-8874-7A36BF2AFFBA}"
EndProject
Project("{FAE04EC0-301F-11D3-BF4B-00C04F79EFBC}") = "Annium.Blazor.Core", "web\src\Annium.Blazor.Core\Annium.Blazor.Core.csproj", "{47273BFF-3ACE-4A15-9823-3D23673F2E11}"
EndProject
Project("{2150E333-8FDC-42A3-9474-1A3956D46DE8}") = "shared", "shared", "{8B9A5613-34E3-4F1D-94CF-13F974BC72E9}"
EndProject
Project("{2150E333-8FDC-42A3-9474-1A3956D46DE8}") = "src", "src", "{07971D40-32C2-4307-9E9D-7985E301FB1C}"
EndProject
Project("{2150E333-8FDC-42A3-9474-1A3956D46DE8}") = "test", "test", "{48DC6358-8854-4D2E-996E-A18AEFC40F82}"
EndProject
Project("{FAE04EC0-301F-11D3-BF4B-00C04F79EFBC}") = "Annium.Blazor.MatBlazor", "web\src\Annium.Blazor.MatBlazor\Annium.Blazor.MatBlazor.csproj", "{029D96B7-DDDF-45C0-8C61-A4588CF979B9}"
EndProject
Project("{FAE04EC0-301F-11D3-BF4B-00C04F79EFBC}") = "Annium.Blazor.Ant", "web\src\Annium.Blazor.Ant\Annium.Blazor.Ant.csproj", "{B68AC598-4F03-419B-B8C4-F450567768CE}"
EndProject
Project("{2150E333-8FDC-42A3-9474-1A3956D46DE8}") = "test", "test", "{2415FDD4-ECA8-4C43-9AF8-C5634D9DBCD2}"
EndProject
Project("{FAE04EC0-301F-11D3-BF4B-00C04F79EFBC}") = "Annium.Blazor.Core.Tests", "web\test\Annium.Blazor.Core.Tests\Annium.Blazor.Core.Tests.csproj", "{0FA9C145-B631-433B-B462-F0E14CF627AE}"
EndProject
Project("{FAE04EC0-301F-11D3-BF4B-00C04F79EFBC}") = "Annium.Blazor.Css", "web\src\Annium.Blazor.Css\Annium.Blazor.Css.csproj", "{B81EEA14-0EF3-4EAB-9F48-7B56DC6E91D6}"
EndProject
Project("{FAE04EC0-301F-11D3-BF4B-00C04F79EFBC}") = "Annium.Blazor.Css.Tests", "web\test\Annium.Blazor.Css.Tests\Annium.Blazor.Css.Tests.csproj", "{02DF195F-E147-45B6-B6B4-01F46630A9E4}"
EndProject
Project("{FAE04EC0-301F-11D3-BF4B-00C04F79EFBC}") = "Annium.Components.State.Form", "shared\src\Annium.Components.State.Form\Annium.Components.State.Form.csproj", "{579027C9-4A1E-463F-A931-3B7AC27B8683}"
EndProject
Project("{FAE04EC0-301F-11D3-BF4B-00C04F79EFBC}") = "Annium.Components.State.Form.Tests", "shared\test\Annium.Components.State.Form.Tests\Annium.Components.State.Form.Tests.csproj", "{CAC3379A-F1E7-43B7-B11B-0AE171E5720B}"
EndProject
Global
	GlobalSection(SolutionConfigurationPlatforms) = preSolution
		Debug|Any CPU = Debug|Any CPU
		Debug|x64 = Debug|x64
		Debug|x86 = Debug|x86
		Release|Any CPU = Release|Any CPU
		Release|x64 = Release|x64
		Release|x86 = Release|x86
	EndGlobalSection
	GlobalSection(SolutionProperties) = preSolution
		HideSolutionNode = FALSE
	EndGlobalSection
	GlobalSection(ProjectConfigurationPlatforms) = postSolution
		{47273BFF-3ACE-4A15-9823-3D23673F2E11}.Debug|Any CPU.ActiveCfg = Debug|Any CPU
		{47273BFF-3ACE-4A15-9823-3D23673F2E11}.Debug|Any CPU.Build.0 = Debug|Any CPU
		{47273BFF-3ACE-4A15-9823-3D23673F2E11}.Debug|x64.ActiveCfg = Debug|Any CPU
		{47273BFF-3ACE-4A15-9823-3D23673F2E11}.Debug|x64.Build.0 = Debug|Any CPU
		{47273BFF-3ACE-4A15-9823-3D23673F2E11}.Debug|x86.ActiveCfg = Debug|Any CPU
		{47273BFF-3ACE-4A15-9823-3D23673F2E11}.Debug|x86.Build.0 = Debug|Any CPU
		{47273BFF-3ACE-4A15-9823-3D23673F2E11}.Release|Any CPU.ActiveCfg = Release|Any CPU
		{47273BFF-3ACE-4A15-9823-3D23673F2E11}.Release|Any CPU.Build.0 = Release|Any CPU
		{47273BFF-3ACE-4A15-9823-3D23673F2E11}.Release|x64.ActiveCfg = Release|Any CPU
		{47273BFF-3ACE-4A15-9823-3D23673F2E11}.Release|x64.Build.0 = Release|Any CPU
		{47273BFF-3ACE-4A15-9823-3D23673F2E11}.Release|x86.ActiveCfg = Release|Any CPU
		{47273BFF-3ACE-4A15-9823-3D23673F2E11}.Release|x86.Build.0 = Release|Any CPU
		{029D96B7-DDDF-45C0-8C61-A4588CF979B9}.Debug|Any CPU.ActiveCfg = Debug|Any CPU
		{029D96B7-DDDF-45C0-8C61-A4588CF979B9}.Debug|Any CPU.Build.0 = Debug|Any CPU
		{029D96B7-DDDF-45C0-8C61-A4588CF979B9}.Debug|x64.ActiveCfg = Debug|Any CPU
		{029D96B7-DDDF-45C0-8C61-A4588CF979B9}.Debug|x64.Build.0 = Debug|Any CPU
		{029D96B7-DDDF-45C0-8C61-A4588CF979B9}.Debug|x86.ActiveCfg = Debug|Any CPU
		{029D96B7-DDDF-45C0-8C61-A4588CF979B9}.Debug|x86.Build.0 = Debug|Any CPU
		{029D96B7-DDDF-45C0-8C61-A4588CF979B9}.Release|Any CPU.ActiveCfg = Release|Any CPU
		{029D96B7-DDDF-45C0-8C61-A4588CF979B9}.Release|Any CPU.Build.0 = Release|Any CPU
		{029D96B7-DDDF-45C0-8C61-A4588CF979B9}.Release|x64.ActiveCfg = Release|Any CPU
		{029D96B7-DDDF-45C0-8C61-A4588CF979B9}.Release|x64.Build.0 = Release|Any CPU
		{029D96B7-DDDF-45C0-8C61-A4588CF979B9}.Release|x86.ActiveCfg = Release|Any CPU
		{029D96B7-DDDF-45C0-8C61-A4588CF979B9}.Release|x86.Build.0 = Release|Any CPU
		{B68AC598-4F03-419B-B8C4-F450567768CE}.Debug|Any CPU.ActiveCfg = Debug|Any CPU
		{B68AC598-4F03-419B-B8C4-F450567768CE}.Debug|Any CPU.Build.0 = Debug|Any CPU
		{B68AC598-4F03-419B-B8C4-F450567768CE}.Debug|x64.ActiveCfg = Debug|Any CPU
		{B68AC598-4F03-419B-B8C4-F450567768CE}.Debug|x64.Build.0 = Debug|Any CPU
		{B68AC598-4F03-419B-B8C4-F450567768CE}.Debug|x86.ActiveCfg = Debug|Any CPU
		{B68AC598-4F03-419B-B8C4-F450567768CE}.Debug|x86.Build.0 = Debug|Any CPU
		{B68AC598-4F03-419B-B8C4-F450567768CE}.Release|Any CPU.ActiveCfg = Release|Any CPU
		{B68AC598-4F03-419B-B8C4-F450567768CE}.Release|Any CPU.Build.0 = Release|Any CPU
		{B68AC598-4F03-419B-B8C4-F450567768CE}.Release|x64.ActiveCfg = Release|Any CPU
		{B68AC598-4F03-419B-B8C4-F450567768CE}.Release|x64.Build.0 = Release|Any CPU
		{B68AC598-4F03-419B-B8C4-F450567768CE}.Release|x86.ActiveCfg = Release|Any CPU
		{B68AC598-4F03-419B-B8C4-F450567768CE}.Release|x86.Build.0 = Release|Any CPU
		{0FA9C145-B631-433B-B462-F0E14CF627AE}.Debug|Any CPU.ActiveCfg = Debug|Any CPU
		{0FA9C145-B631-433B-B462-F0E14CF627AE}.Debug|Any CPU.Build.0 = Debug|Any CPU
		{0FA9C145-B631-433B-B462-F0E14CF627AE}.Debug|x64.ActiveCfg = Debug|Any CPU
		{0FA9C145-B631-433B-B462-F0E14CF627AE}.Debug|x64.Build.0 = Debug|Any CPU
		{0FA9C145-B631-433B-B462-F0E14CF627AE}.Debug|x86.ActiveCfg = Debug|Any CPU
		{0FA9C145-B631-433B-B462-F0E14CF627AE}.Debug|x86.Build.0 = Debug|Any CPU
		{0FA9C145-B631-433B-B462-F0E14CF627AE}.Release|Any CPU.ActiveCfg = Release|Any CPU
		{0FA9C145-B631-433B-B462-F0E14CF627AE}.Release|Any CPU.Build.0 = Release|Any CPU
		{0FA9C145-B631-433B-B462-F0E14CF627AE}.Release|x64.ActiveCfg = Release|Any CPU
		{0FA9C145-B631-433B-B462-F0E14CF627AE}.Release|x64.Build.0 = Release|Any CPU
		{0FA9C145-B631-433B-B462-F0E14CF627AE}.Release|x86.ActiveCfg = Release|Any CPU
		{0FA9C145-B631-433B-B462-F0E14CF627AE}.Release|x86.Build.0 = Release|Any CPU
		{B81EEA14-0EF3-4EAB-9F48-7B56DC6E91D6}.Debug|Any CPU.ActiveCfg = Debug|Any CPU
		{B81EEA14-0EF3-4EAB-9F48-7B56DC6E91D6}.Debug|Any CPU.Build.0 = Debug|Any CPU
		{B81EEA14-0EF3-4EAB-9F48-7B56DC6E91D6}.Debug|x64.ActiveCfg = Debug|Any CPU
		{B81EEA14-0EF3-4EAB-9F48-7B56DC6E91D6}.Debug|x64.Build.0 = Debug|Any CPU
		{B81EEA14-0EF3-4EAB-9F48-7B56DC6E91D6}.Debug|x86.ActiveCfg = Debug|Any CPU
		{B81EEA14-0EF3-4EAB-9F48-7B56DC6E91D6}.Debug|x86.Build.0 = Debug|Any CPU
		{B81EEA14-0EF3-4EAB-9F48-7B56DC6E91D6}.Release|Any CPU.ActiveCfg = Release|Any CPU
		{B81EEA14-0EF3-4EAB-9F48-7B56DC6E91D6}.Release|Any CPU.Build.0 = Release|Any CPU
		{B81EEA14-0EF3-4EAB-9F48-7B56DC6E91D6}.Release|x64.ActiveCfg = Release|Any CPU
		{B81EEA14-0EF3-4EAB-9F48-7B56DC6E91D6}.Release|x64.Build.0 = Release|Any CPU
		{B81EEA14-0EF3-4EAB-9F48-7B56DC6E91D6}.Release|x86.ActiveCfg = Release|Any CPU
		{B81EEA14-0EF3-4EAB-9F48-7B56DC6E91D6}.Release|x86.Build.0 = Release|Any CPU
		{02DF195F-E147-45B6-B6B4-01F46630A9E4}.Debug|Any CPU.ActiveCfg = Debug|Any CPU
		{02DF195F-E147-45B6-B6B4-01F46630A9E4}.Debug|Any CPU.Build.0 = Debug|Any CPU
		{02DF195F-E147-45B6-B6B4-01F46630A9E4}.Debug|x64.ActiveCfg = Debug|Any CPU
		{02DF195F-E147-45B6-B6B4-01F46630A9E4}.Debug|x64.Build.0 = Debug|Any CPU
		{02DF195F-E147-45B6-B6B4-01F46630A9E4}.Debug|x86.ActiveCfg = Debug|Any CPU
		{02DF195F-E147-45B6-B6B4-01F46630A9E4}.Debug|x86.Build.0 = Debug|Any CPU
		{02DF195F-E147-45B6-B6B4-01F46630A9E4}.Release|Any CPU.ActiveCfg = Release|Any CPU
		{02DF195F-E147-45B6-B6B4-01F46630A9E4}.Release|Any CPU.Build.0 = Release|Any CPU
		{02DF195F-E147-45B6-B6B4-01F46630A9E4}.Release|x64.ActiveCfg = Release|Any CPU
		{02DF195F-E147-45B6-B6B4-01F46630A9E4}.Release|x64.Build.0 = Release|Any CPU
		{02DF195F-E147-45B6-B6B4-01F46630A9E4}.Release|x86.ActiveCfg = Release|Any CPU
		{02DF195F-E147-45B6-B6B4-01F46630A9E4}.Release|x86.Build.0 = Release|Any CPU
		{579027C9-4A1E-463F-A931-3B7AC27B8683}.Debug|Any CPU.ActiveCfg = Debug|Any CPU
		{579027C9-4A1E-463F-A931-3B7AC27B8683}.Debug|Any CPU.Build.0 = Debug|Any CPU
		{579027C9-4A1E-463F-A931-3B7AC27B8683}.Debug|x64.ActiveCfg = Debug|Any CPU
		{579027C9-4A1E-463F-A931-3B7AC27B8683}.Debug|x64.Build.0 = Debug|Any CPU
		{579027C9-4A1E-463F-A931-3B7AC27B8683}.Debug|x86.ActiveCfg = Debug|Any CPU
		{579027C9-4A1E-463F-A931-3B7AC27B8683}.Debug|x86.Build.0 = Debug|Any CPU
		{579027C9-4A1E-463F-A931-3B7AC27B8683}.Release|Any CPU.ActiveCfg = Release|Any CPU
		{579027C9-4A1E-463F-A931-3B7AC27B8683}.Release|Any CPU.Build.0 = Release|Any CPU
		{579027C9-4A1E-463F-A931-3B7AC27B8683}.Release|x64.ActiveCfg = Release|Any CPU
		{579027C9-4A1E-463F-A931-3B7AC27B8683}.Release|x64.Build.0 = Release|Any CPU
		{579027C9-4A1E-463F-A931-3B7AC27B8683}.Release|x86.ActiveCfg = Release|Any CPU
		{579027C9-4A1E-463F-A931-3B7AC27B8683}.Release|x86.Build.0 = Release|Any CPU
		{CAC3379A-F1E7-43B7-B11B-0AE171E5720B}.Debug|Any CPU.ActiveCfg = Debug|Any CPU
		{CAC3379A-F1E7-43B7-B11B-0AE171E5720B}.Debug|Any CPU.Build.0 = Debug|Any CPU
		{CAC3379A-F1E7-43B7-B11B-0AE171E5720B}.Debug|x64.ActiveCfg = Debug|Any CPU
		{CAC3379A-F1E7-43B7-B11B-0AE171E5720B}.Debug|x64.Build.0 = Debug|Any CPU
		{CAC3379A-F1E7-43B7-B11B-0AE171E5720B}.Debug|x86.ActiveCfg = Debug|Any CPU
		{CAC3379A-F1E7-43B7-B11B-0AE171E5720B}.Debug|x86.Build.0 = Debug|Any CPU
		{CAC3379A-F1E7-43B7-B11B-0AE171E5720B}.Release|Any CPU.ActiveCfg = Release|Any CPU
		{CAC3379A-F1E7-43B7-B11B-0AE171E5720B}.Release|Any CPU.Build.0 = Release|Any CPU
		{CAC3379A-F1E7-43B7-B11B-0AE171E5720B}.Release|x64.ActiveCfg = Release|Any CPU
		{CAC3379A-F1E7-43B7-B11B-0AE171E5720B}.Release|x64.Build.0 = Release|Any CPU
		{CAC3379A-F1E7-43B7-B11B-0AE171E5720B}.Release|x86.ActiveCfg = Release|Any CPU
		{CAC3379A-F1E7-43B7-B11B-0AE171E5720B}.Release|x86.Build.0 = Release|Any CPU
	EndGlobalSection
	GlobalSection(NestedProjects) = preSolution
		{2270A23F-C82A-45CA-8874-7A36BF2AFFBA} = {10365A46-EB95-4C3F-886C-4A0C883BB0AB}
		{47273BFF-3ACE-4A15-9823-3D23673F2E11} = {2270A23F-C82A-45CA-8874-7A36BF2AFFBA}
		{07971D40-32C2-4307-9E9D-7985E301FB1C} = {8B9A5613-34E3-4F1D-94CF-13F974BC72E9}
		{48DC6358-8854-4D2E-996E-A18AEFC40F82} = {8B9A5613-34E3-4F1D-94CF-13F974BC72E9}
		{029D96B7-DDDF-45C0-8C61-A4588CF979B9} = {2270A23F-C82A-45CA-8874-7A36BF2AFFBA}
		{B68AC598-4F03-419B-B8C4-F450567768CE} = {2270A23F-C82A-45CA-8874-7A36BF2AFFBA}
		{2415FDD4-ECA8-4C43-9AF8-C5634D9DBCD2} = {10365A46-EB95-4C3F-886C-4A0C883BB0AB}
		{0FA9C145-B631-433B-B462-F0E14CF627AE} = {2415FDD4-ECA8-4C43-9AF8-C5634D9DBCD2}
		{B81EEA14-0EF3-4EAB-9F48-7B56DC6E91D6} = {2270A23F-C82A-45CA-8874-7A36BF2AFFBA}
		{02DF195F-E147-45B6-B6B4-01F46630A9E4} = {2415FDD4-ECA8-4C43-9AF8-C5634D9DBCD2}
		{579027C9-4A1E-463F-A931-3B7AC27B8683} = {07971D40-32C2-4307-9E9D-7985E301FB1C}
		{CAC3379A-F1E7-43B7-B11B-0AE171E5720B} = {48DC6358-8854-4D2E-996E-A18AEFC40F82}
	EndGlobalSection
EndGlobal
