
Microsoft Visual Studio Solution File, Format Version 12.00
# Visual Studio Version 16
VisualStudioVersion = 16.0.30114.105
MinimumVisualStudioVersion = 10.0.40219.1
Project("{2150E333-8FDC-42A3-9474-1A3956D46DE8}") = "web", "web", "{7A997623-112F-4BCC-BC07-703AA2D98503}"
EndProject
Project("{2150E333-8FDC-42A3-9474-1A3956D46DE8}") = "src", "src", "{4A19DD25-67DC-4808-92E3-C6CD2F94FE55}"
EndProject
Project("{FAE04EC0-301F-11D3-BF4B-00C04F79EFBC}") = "Annium.Blazor.Ant", "web\src\Annium.Blazor.Ant\Annium.Blazor.Ant.csproj", "{823DA2D2-1201-4C58-865A-615D029E5407}"
EndProject
Project("{FAE04EC0-301F-11D3-BF4B-00C04F79EFBC}") = "Annium.Blazor.Charts", "web\src\Annium.Blazor.Charts\Annium.Blazor.Charts.csproj", "{9ED63FBD-B32D-411E-A693-DFAE0209859D}"
EndProject
Project("{2150E333-8FDC-42A3-9474-1A3956D46DE8}") = "test", "test", "{A1D19B9B-A84D-4AB5-A9EA-9546AF7579AA}"
EndProject
Project("{FAE04EC0-301F-11D3-BF4B-00C04F79EFBC}") = "Annium.Blazor.Charts.Tests", "web\test\Annium.Blazor.Charts.Tests\Annium.Blazor.Charts.Tests.csproj", "{8220F6C1-9830-4053-BDAE-879E50E1B52B}"
EndProject
Project("{FAE04EC0-301F-11D3-BF4B-00C04F79EFBC}") = "Annium.Blazor.Core", "web\src\Annium.Blazor.Core\Annium.Blazor.Core.csproj", "{1645C11E-FFA0-4BD0-B7BA-1980E0EE67E4}"
EndProject
Project("{FAE04EC0-301F-11D3-BF4B-00C04F79EFBC}") = "Annium.Blazor.Core.Tests", "web\test\Annium.Blazor.Core.Tests\Annium.Blazor.Core.Tests.csproj", "{40180AD6-5A02-4D19-ABEB-D0236E781693}"
EndProject
Project("{FAE04EC0-301F-11D3-BF4B-00C04F79EFBC}") = "Annium.Blazor.Css", "web\src\Annium.Blazor.Css\Annium.Blazor.Css.csproj", "{4B3A6F01-8D3A-4DC2-999B-A449D408BB4E}"
EndProject
Project("{FAE04EC0-301F-11D3-BF4B-00C04F79EFBC}") = "Annium.Blazor.Css.Tests", "web\test\Annium.Blazor.Css.Tests\Annium.Blazor.Css.Tests.csproj", "{A33EF614-F922-46DB-9D19-90E23CFF8CC4}"
EndProject
Project("{FAE04EC0-301F-11D3-BF4B-00C04F79EFBC}") = "Annium.Blazor.Interop", "web\src\Annium.Blazor.Interop\Annium.Blazor.Interop.csproj", "{CDACBC41-5A5B-4621-BA50-F25B7F4C0233}"
EndProject
Project("{FAE04EC0-301F-11D3-BF4B-00C04F79EFBC}") = "Annium.Blazor.MatBlazor", "web\src\Annium.Blazor.MatBlazor\Annium.Blazor.MatBlazor.csproj", "{96BFACD0-1407-4BB4-BDAD-ABE2AB3011A3}"
EndProject
Project("{FAE04EC0-301F-11D3-BF4B-00C04F79EFBC}") = "Annium.Blazor.Net", "web\src\Annium.Blazor.Net\Annium.Blazor.Net.csproj", "{F1C2F6F6-EA95-4617-993B-6DA4D7105C24}"
EndProject
Project("{FAE04EC0-301F-11D3-BF4B-00C04F79EFBC}") = "Annium.Blazor.Routing", "web\src\Annium.Blazor.Routing\Annium.Blazor.Routing.csproj", "{7F975687-E752-48EF-BBF4-0262FDBF2E4F}"
EndProject
Project("{FAE04EC0-301F-11D3-BF4B-00C04F79EFBC}") = "Annium.Blazor.Routing.Tests", "web\test\Annium.Blazor.Routing.Tests\Annium.Blazor.Routing.Tests.csproj", "{9D4AD8CF-CE50-4E75-8924-57241921E312}"
EndProject
Project("{FAE04EC0-301F-11D3-BF4B-00C04F79EFBC}") = "Annium.Blazor.Storage", "web\src\Annium.Blazor.Storage\Annium.Blazor.Storage.csproj", "{35167304-510D-4684-B6BE-48C8A6B022F4}"
EndProject
Project("{2150E333-8FDC-42A3-9474-1A3956D46DE8}") = "shared", "shared", "{A6494D03-9A28-494A-8E8E-2B754D76C1FD}"
EndProject
Project("{2150E333-8FDC-42A3-9474-1A3956D46DE8}") = "test", "test", "{BBEC04C7-BAD6-4F7D-9B1F-595CB0FEAAE7}"
EndProject
Project("{FAE04EC0-301F-11D3-BF4B-00C04F79EFBC}") = "Annium.Components.Operations.Tests", "shared\test\Annium.Components.Operations.Tests\Annium.Components.Operations.Tests.csproj", "{C88BBCA4-0A9C-4445-9D32-D2A9BB717F1C}"
EndProject
Project("{2150E333-8FDC-42A3-9474-1A3956D46DE8}") = "src", "src", "{49442D48-D551-4225-A051-B4E343C4F231}"
EndProject
Project("{FAE04EC0-301F-11D3-BF4B-00C04F79EFBC}") = "Annium.Components.State", "shared\src\Annium.Components.State\Annium.Components.State.csproj", "{B2DCAD0F-6CE7-4409-A9A1-52E09E11F754}"
EndProject
Project("{FAE04EC0-301F-11D3-BF4B-00C04F79EFBC}") = "Annium.Components.State.Core", "shared\src\Annium.Components.State.Core\Annium.Components.State.Core.csproj", "{228D8DC3-A39B-465F-BC7E-BCF67776DCE8}"
EndProject
Project("{FAE04EC0-301F-11D3-BF4B-00C04F79EFBC}") = "Annium.Components.State.Forms", "shared\src\Annium.Components.State.Forms\Annium.Components.State.Forms.csproj", "{1AAB80F1-9C71-4260-9577-CC694D1A886A}"
EndProject
Project("{FAE04EC0-301F-11D3-BF4B-00C04F79EFBC}") = "Annium.Components.State.Forms.Tests", "shared\test\Annium.Components.State.Forms.Tests\Annium.Components.State.Forms.Tests.csproj", "{8D582E33-0134-4ACB-A12E-E75930AFD830}"
EndProject
Project("{FAE04EC0-301F-11D3-BF4B-00C04F79EFBC}") = "Annium.Components.State.Operations", "shared\src\Annium.Components.State.Operations\Annium.Components.State.Operations.csproj", "{E7BC6638-EEA2-43F9-BF24-537D1D75B159}"
EndProject
Project("{2150E333-8FDC-42A3-9474-1A3956D46DE8}") = "demo", "demo", "{BBEDC03B-1AA6-4206-884E-EB049570A43A}"
EndProject
Project("{FAE04EC0-301F-11D3-BF4B-00C04F79EFBC}") = "Demo.Blazor.Charts", "web\demo\Demo.Blazor.Charts\Demo.Blazor.Charts.csproj", "{6B5EDD45-61B7-4293-A73D-E06F1DF70202}"
EndProject
Project("{2150E333-8FDC-42A3-9474-1A3956D46DE8}") = "_", "_", "{F3F4B726-1809-42E8-B485-BAE9717D3F01}"
	ProjectSection(SolutionItems) = preProject
		makefile = makefile
	EndProjectSection
EndProject
Project("{2150E333-8FDC-42A3-9474-1A3956D46DE8}") = "tools", "tools", "{D0EF600A-D9B3-4E7D-850C-4CBC3DD0C854}"
	ProjectSection(SolutionItems) = preProject
		web\tools\run_blazor.sh = web\tools\run_blazor.sh
	EndProjectSection
EndProject
Global
	GlobalSection(SolutionConfigurationPlatforms) = preSolution
		Debug|Any CPU = Debug|Any CPU
		Release|Any CPU = Release|Any CPU
	EndGlobalSection
	GlobalSection(SolutionProperties) = preSolution
		HideSolutionNode = FALSE
	EndGlobalSection
	GlobalSection(ProjectConfigurationPlatforms) = postSolution
		{823DA2D2-1201-4C58-865A-615D029E5407}.Debug|Any CPU.ActiveCfg = Debug|Any CPU
		{823DA2D2-1201-4C58-865A-615D029E5407}.Debug|Any CPU.Build.0 = Debug|Any CPU
		{823DA2D2-1201-4C58-865A-615D029E5407}.Release|Any CPU.ActiveCfg = Release|Any CPU
		{823DA2D2-1201-4C58-865A-615D029E5407}.Release|Any CPU.Build.0 = Release|Any CPU
		{9ED63FBD-B32D-411E-A693-DFAE0209859D}.Debug|Any CPU.ActiveCfg = Debug|Any CPU
		{9ED63FBD-B32D-411E-A693-DFAE0209859D}.Debug|Any CPU.Build.0 = Debug|Any CPU
		{9ED63FBD-B32D-411E-A693-DFAE0209859D}.Release|Any CPU.ActiveCfg = Release|Any CPU
		{9ED63FBD-B32D-411E-A693-DFAE0209859D}.Release|Any CPU.Build.0 = Release|Any CPU
		{8220F6C1-9830-4053-BDAE-879E50E1B52B}.Debug|Any CPU.ActiveCfg = Debug|Any CPU
		{8220F6C1-9830-4053-BDAE-879E50E1B52B}.Debug|Any CPU.Build.0 = Debug|Any CPU
		{8220F6C1-9830-4053-BDAE-879E50E1B52B}.Release|Any CPU.ActiveCfg = Release|Any CPU
		{8220F6C1-9830-4053-BDAE-879E50E1B52B}.Release|Any CPU.Build.0 = Release|Any CPU
		{1645C11E-FFA0-4BD0-B7BA-1980E0EE67E4}.Debug|Any CPU.ActiveCfg = Debug|Any CPU
		{1645C11E-FFA0-4BD0-B7BA-1980E0EE67E4}.Debug|Any CPU.Build.0 = Debug|Any CPU
		{1645C11E-FFA0-4BD0-B7BA-1980E0EE67E4}.Release|Any CPU.ActiveCfg = Release|Any CPU
		{1645C11E-FFA0-4BD0-B7BA-1980E0EE67E4}.Release|Any CPU.Build.0 = Release|Any CPU
		{40180AD6-5A02-4D19-ABEB-D0236E781693}.Debug|Any CPU.ActiveCfg = Debug|Any CPU
		{40180AD6-5A02-4D19-ABEB-D0236E781693}.Debug|Any CPU.Build.0 = Debug|Any CPU
		{40180AD6-5A02-4D19-ABEB-D0236E781693}.Release|Any CPU.ActiveCfg = Release|Any CPU
		{40180AD6-5A02-4D19-ABEB-D0236E781693}.Release|Any CPU.Build.0 = Release|Any CPU
		{4B3A6F01-8D3A-4DC2-999B-A449D408BB4E}.Debug|Any CPU.ActiveCfg = Debug|Any CPU
		{4B3A6F01-8D3A-4DC2-999B-A449D408BB4E}.Debug|Any CPU.Build.0 = Debug|Any CPU
		{4B3A6F01-8D3A-4DC2-999B-A449D408BB4E}.Release|Any CPU.ActiveCfg = Release|Any CPU
		{4B3A6F01-8D3A-4DC2-999B-A449D408BB4E}.Release|Any CPU.Build.0 = Release|Any CPU
		{A33EF614-F922-46DB-9D19-90E23CFF8CC4}.Debug|Any CPU.ActiveCfg = Debug|Any CPU
		{A33EF614-F922-46DB-9D19-90E23CFF8CC4}.Debug|Any CPU.Build.0 = Debug|Any CPU
		{A33EF614-F922-46DB-9D19-90E23CFF8CC4}.Release|Any CPU.ActiveCfg = Release|Any CPU
		{A33EF614-F922-46DB-9D19-90E23CFF8CC4}.Release|Any CPU.Build.0 = Release|Any CPU
		{CDACBC41-5A5B-4621-BA50-F25B7F4C0233}.Debug|Any CPU.ActiveCfg = Debug|Any CPU
		{CDACBC41-5A5B-4621-BA50-F25B7F4C0233}.Debug|Any CPU.Build.0 = Debug|Any CPU
		{CDACBC41-5A5B-4621-BA50-F25B7F4C0233}.Release|Any CPU.ActiveCfg = Release|Any CPU
		{CDACBC41-5A5B-4621-BA50-F25B7F4C0233}.Release|Any CPU.Build.0 = Release|Any CPU
		{96BFACD0-1407-4BB4-BDAD-ABE2AB3011A3}.Debug|Any CPU.ActiveCfg = Debug|Any CPU
		{96BFACD0-1407-4BB4-BDAD-ABE2AB3011A3}.Debug|Any CPU.Build.0 = Debug|Any CPU
		{96BFACD0-1407-4BB4-BDAD-ABE2AB3011A3}.Release|Any CPU.ActiveCfg = Release|Any CPU
		{96BFACD0-1407-4BB4-BDAD-ABE2AB3011A3}.Release|Any CPU.Build.0 = Release|Any CPU
		{F1C2F6F6-EA95-4617-993B-6DA4D7105C24}.Debug|Any CPU.ActiveCfg = Debug|Any CPU
		{F1C2F6F6-EA95-4617-993B-6DA4D7105C24}.Debug|Any CPU.Build.0 = Debug|Any CPU
		{F1C2F6F6-EA95-4617-993B-6DA4D7105C24}.Release|Any CPU.ActiveCfg = Release|Any CPU
		{F1C2F6F6-EA95-4617-993B-6DA4D7105C24}.Release|Any CPU.Build.0 = Release|Any CPU
		{7F975687-E752-48EF-BBF4-0262FDBF2E4F}.Debug|Any CPU.ActiveCfg = Debug|Any CPU
		{7F975687-E752-48EF-BBF4-0262FDBF2E4F}.Debug|Any CPU.Build.0 = Debug|Any CPU
		{7F975687-E752-48EF-BBF4-0262FDBF2E4F}.Release|Any CPU.ActiveCfg = Release|Any CPU
		{7F975687-E752-48EF-BBF4-0262FDBF2E4F}.Release|Any CPU.Build.0 = Release|Any CPU
		{9D4AD8CF-CE50-4E75-8924-57241921E312}.Debug|Any CPU.ActiveCfg = Debug|Any CPU
		{9D4AD8CF-CE50-4E75-8924-57241921E312}.Debug|Any CPU.Build.0 = Debug|Any CPU
		{9D4AD8CF-CE50-4E75-8924-57241921E312}.Release|Any CPU.ActiveCfg = Release|Any CPU
		{9D4AD8CF-CE50-4E75-8924-57241921E312}.Release|Any CPU.Build.0 = Release|Any CPU
		{35167304-510D-4684-B6BE-48C8A6B022F4}.Debug|Any CPU.ActiveCfg = Debug|Any CPU
		{35167304-510D-4684-B6BE-48C8A6B022F4}.Debug|Any CPU.Build.0 = Debug|Any CPU
		{35167304-510D-4684-B6BE-48C8A6B022F4}.Release|Any CPU.ActiveCfg = Release|Any CPU
		{35167304-510D-4684-B6BE-48C8A6B022F4}.Release|Any CPU.Build.0 = Release|Any CPU
		{C88BBCA4-0A9C-4445-9D32-D2A9BB717F1C}.Debug|Any CPU.ActiveCfg = Debug|Any CPU
		{C88BBCA4-0A9C-4445-9D32-D2A9BB717F1C}.Debug|Any CPU.Build.0 = Debug|Any CPU
		{C88BBCA4-0A9C-4445-9D32-D2A9BB717F1C}.Release|Any CPU.ActiveCfg = Release|Any CPU
		{C88BBCA4-0A9C-4445-9D32-D2A9BB717F1C}.Release|Any CPU.Build.0 = Release|Any CPU
		{B2DCAD0F-6CE7-4409-A9A1-52E09E11F754}.Debug|Any CPU.ActiveCfg = Debug|Any CPU
		{B2DCAD0F-6CE7-4409-A9A1-52E09E11F754}.Debug|Any CPU.Build.0 = Debug|Any CPU
		{B2DCAD0F-6CE7-4409-A9A1-52E09E11F754}.Release|Any CPU.ActiveCfg = Release|Any CPU
		{B2DCAD0F-6CE7-4409-A9A1-52E09E11F754}.Release|Any CPU.Build.0 = Release|Any CPU
		{228D8DC3-A39B-465F-BC7E-BCF67776DCE8}.Debug|Any CPU.ActiveCfg = Debug|Any CPU
		{228D8DC3-A39B-465F-BC7E-BCF67776DCE8}.Debug|Any CPU.Build.0 = Debug|Any CPU
		{228D8DC3-A39B-465F-BC7E-BCF67776DCE8}.Release|Any CPU.ActiveCfg = Release|Any CPU
		{228D8DC3-A39B-465F-BC7E-BCF67776DCE8}.Release|Any CPU.Build.0 = Release|Any CPU
		{1AAB80F1-9C71-4260-9577-CC694D1A886A}.Debug|Any CPU.ActiveCfg = Debug|Any CPU
		{1AAB80F1-9C71-4260-9577-CC694D1A886A}.Debug|Any CPU.Build.0 = Debug|Any CPU
		{1AAB80F1-9C71-4260-9577-CC694D1A886A}.Release|Any CPU.ActiveCfg = Release|Any CPU
		{1AAB80F1-9C71-4260-9577-CC694D1A886A}.Release|Any CPU.Build.0 = Release|Any CPU
		{8D582E33-0134-4ACB-A12E-E75930AFD830}.Debug|Any CPU.ActiveCfg = Debug|Any CPU
		{8D582E33-0134-4ACB-A12E-E75930AFD830}.Debug|Any CPU.Build.0 = Debug|Any CPU
		{8D582E33-0134-4ACB-A12E-E75930AFD830}.Release|Any CPU.ActiveCfg = Release|Any CPU
		{8D582E33-0134-4ACB-A12E-E75930AFD830}.Release|Any CPU.Build.0 = Release|Any CPU
		{E7BC6638-EEA2-43F9-BF24-537D1D75B159}.Debug|Any CPU.ActiveCfg = Debug|Any CPU
		{E7BC6638-EEA2-43F9-BF24-537D1D75B159}.Debug|Any CPU.Build.0 = Debug|Any CPU
		{E7BC6638-EEA2-43F9-BF24-537D1D75B159}.Release|Any CPU.ActiveCfg = Release|Any CPU
		{E7BC6638-EEA2-43F9-BF24-537D1D75B159}.Release|Any CPU.Build.0 = Release|Any CPU
		{6B5EDD45-61B7-4293-A73D-E06F1DF70202}.Debug|Any CPU.ActiveCfg = Debug|Any CPU
		{6B5EDD45-61B7-4293-A73D-E06F1DF70202}.Debug|Any CPU.Build.0 = Debug|Any CPU
		{6B5EDD45-61B7-4293-A73D-E06F1DF70202}.Release|Any CPU.ActiveCfg = Release|Any CPU
		{6B5EDD45-61B7-4293-A73D-E06F1DF70202}.Release|Any CPU.Build.0 = Release|Any CPU
	EndGlobalSection
	GlobalSection(NestedProjects) = preSolution
		{4A19DD25-67DC-4808-92E3-C6CD2F94FE55} = {7A997623-112F-4BCC-BC07-703AA2D98503}
		{823DA2D2-1201-4C58-865A-615D029E5407} = {4A19DD25-67DC-4808-92E3-C6CD2F94FE55}
		{9ED63FBD-B32D-411E-A693-DFAE0209859D} = {4A19DD25-67DC-4808-92E3-C6CD2F94FE55}
		{A1D19B9B-A84D-4AB5-A9EA-9546AF7579AA} = {7A997623-112F-4BCC-BC07-703AA2D98503}
		{8220F6C1-9830-4053-BDAE-879E50E1B52B} = {A1D19B9B-A84D-4AB5-A9EA-9546AF7579AA}
		{1645C11E-FFA0-4BD0-B7BA-1980E0EE67E4} = {4A19DD25-67DC-4808-92E3-C6CD2F94FE55}
		{40180AD6-5A02-4D19-ABEB-D0236E781693} = {A1D19B9B-A84D-4AB5-A9EA-9546AF7579AA}
		{4B3A6F01-8D3A-4DC2-999B-A449D408BB4E} = {4A19DD25-67DC-4808-92E3-C6CD2F94FE55}
		{A33EF614-F922-46DB-9D19-90E23CFF8CC4} = {A1D19B9B-A84D-4AB5-A9EA-9546AF7579AA}
		{CDACBC41-5A5B-4621-BA50-F25B7F4C0233} = {4A19DD25-67DC-4808-92E3-C6CD2F94FE55}
		{96BFACD0-1407-4BB4-BDAD-ABE2AB3011A3} = {4A19DD25-67DC-4808-92E3-C6CD2F94FE55}
		{F1C2F6F6-EA95-4617-993B-6DA4D7105C24} = {4A19DD25-67DC-4808-92E3-C6CD2F94FE55}
		{7F975687-E752-48EF-BBF4-0262FDBF2E4F} = {4A19DD25-67DC-4808-92E3-C6CD2F94FE55}
		{9D4AD8CF-CE50-4E75-8924-57241921E312} = {A1D19B9B-A84D-4AB5-A9EA-9546AF7579AA}
		{35167304-510D-4684-B6BE-48C8A6B022F4} = {4A19DD25-67DC-4808-92E3-C6CD2F94FE55}
		{BBEC04C7-BAD6-4F7D-9B1F-595CB0FEAAE7} = {A6494D03-9A28-494A-8E8E-2B754D76C1FD}
		{C88BBCA4-0A9C-4445-9D32-D2A9BB717F1C} = {BBEC04C7-BAD6-4F7D-9B1F-595CB0FEAAE7}
		{49442D48-D551-4225-A051-B4E343C4F231} = {A6494D03-9A28-494A-8E8E-2B754D76C1FD}
		{B2DCAD0F-6CE7-4409-A9A1-52E09E11F754} = {49442D48-D551-4225-A051-B4E343C4F231}
		{228D8DC3-A39B-465F-BC7E-BCF67776DCE8} = {49442D48-D551-4225-A051-B4E343C4F231}
		{1AAB80F1-9C71-4260-9577-CC694D1A886A} = {49442D48-D551-4225-A051-B4E343C4F231}
		{8D582E33-0134-4ACB-A12E-E75930AFD830} = {BBEC04C7-BAD6-4F7D-9B1F-595CB0FEAAE7}
		{E7BC6638-EEA2-43F9-BF24-537D1D75B159} = {49442D48-D551-4225-A051-B4E343C4F231}
		{BBEDC03B-1AA6-4206-884E-EB049570A43A} = {7A997623-112F-4BCC-BC07-703AA2D98503}
		{6B5EDD45-61B7-4293-A73D-E06F1DF70202} = {BBEDC03B-1AA6-4206-884E-EB049570A43A}
		{D0EF600A-D9B3-4E7D-850C-4CBC3DD0C854} = {7A997623-112F-4BCC-BC07-703AA2D98503}
	EndGlobalSection
EndGlobal
