
Microsoft Visual Studio Solution File, Format Version 12.00
# Visual Studio Version 16
VisualStudioVersion = 16.0.30114.105
MinimumVisualStudioVersion = 10.0.40219.1
Project("{2150E333-8FDC-42A3-9474-1A3956D46DE8}") = "web", "web", "{18BEDE91-339C-42AA-8037-7D67146BBD24}"
EndProject
Project("{2150E333-8FDC-42A3-9474-1A3956D46DE8}") = "src", "src", "{6CF3F433-A572-4937-ACA5-CB6C98E4AEBD}"
EndProject
Project("{FAE04EC0-301F-11D3-BF4B-00C04F79EFBC}") = "Annium.Blazor.Ant", "web\src\Annium.Blazor.Ant\Annium.Blazor.Ant.csproj", "{4813CDA6-B134-4227-B63C-2EBC2957FE70}"
EndProject
Project("{FAE04EC0-301F-11D3-BF4B-00C04F79EFBC}") = "Annium.Blazor.Charts", "web\src\Annium.Blazor.Charts\Annium.Blazor.Charts.csproj", "{44A414FD-BBC9-4894-AA3A-D82285A1D04C}"
EndProject
Project("{2150E333-8FDC-42A3-9474-1A3956D46DE8}") = "test", "test", "{56406475-B2CE-4E5B-89CD-E7218F12BFC0}"
EndProject
Project("{FAE04EC0-301F-11D3-BF4B-00C04F79EFBC}") = "Annium.Blazor.Charts.Tests", "web\test\Annium.Blazor.Charts.Tests\Annium.Blazor.Charts.Tests.csproj", "{DC40688D-0515-497C-9272-BDC81341B4A4}"
EndProject
Project("{FAE04EC0-301F-11D3-BF4B-00C04F79EFBC}") = "Annium.Blazor.Core", "web\src\Annium.Blazor.Core\Annium.Blazor.Core.csproj", "{E24C1957-9073-4408-8D7E-031A94857D26}"
EndProject
Project("{FAE04EC0-301F-11D3-BF4B-00C04F79EFBC}") = "Annium.Blazor.Core.Tests", "web\test\Annium.Blazor.Core.Tests\Annium.Blazor.Core.Tests.csproj", "{CC2FE4C3-899F-4846-A344-3003032F615A}"
EndProject
Project("{FAE04EC0-301F-11D3-BF4B-00C04F79EFBC}") = "Annium.Blazor.Css", "web\src\Annium.Blazor.Css\Annium.Blazor.Css.csproj", "{C560EE43-5D64-46E6-AF94-49DC69BBC06A}"
EndProject
Project("{FAE04EC0-301F-11D3-BF4B-00C04F79EFBC}") = "Annium.Blazor.Css.Tests", "web\test\Annium.Blazor.Css.Tests\Annium.Blazor.Css.Tests.csproj", "{54E6F165-3D3D-430F-9EE5-2FB2E4365633}"
EndProject
Project("{FAE04EC0-301F-11D3-BF4B-00C04F79EFBC}") = "Annium.Blazor.Interop", "web\src\Annium.Blazor.Interop\Annium.Blazor.Interop.csproj", "{244625F2-0170-4E43-B063-387D0B75A7C9}"
EndProject
Project("{FAE04EC0-301F-11D3-BF4B-00C04F79EFBC}") = "Annium.Blazor.MatBlazor", "web\src\Annium.Blazor.MatBlazor\Annium.Blazor.MatBlazor.csproj", "{09D5D968-507D-4F03-A485-FCED49009006}"
EndProject
Project("{FAE04EC0-301F-11D3-BF4B-00C04F79EFBC}") = "Annium.Blazor.Net", "web\src\Annium.Blazor.Net\Annium.Blazor.Net.csproj", "{BD58D0C4-99E5-43EA-8B9E-F9B07FC6337E}"
EndProject
Project("{FAE04EC0-301F-11D3-BF4B-00C04F79EFBC}") = "Annium.Blazor.Routing", "web\src\Annium.Blazor.Routing\Annium.Blazor.Routing.csproj", "{6F0649AE-2F82-43D9-8408-48C25BAB65B4}"
EndProject
Project("{FAE04EC0-301F-11D3-BF4B-00C04F79EFBC}") = "Annium.Blazor.Routing.Tests", "web\test\Annium.Blazor.Routing.Tests\Annium.Blazor.Routing.Tests.csproj", "{BDB10577-66DC-4B87-A11B-AF15E4483314}"
EndProject
Project("{FAE04EC0-301F-11D3-BF4B-00C04F79EFBC}") = "Annium.Blazor.Storage", "web\src\Annium.Blazor.Storage\Annium.Blazor.Storage.csproj", "{63596C0E-BF22-4BAE-804F-579F4E372832}"
EndProject
Project("{2150E333-8FDC-42A3-9474-1A3956D46DE8}") = "shared", "shared", "{96C61CE3-D886-4002-AC73-AE1B069D656C}"
EndProject
Project("{2150E333-8FDC-42A3-9474-1A3956D46DE8}") = "test", "test", "{BAC6BFF7-A822-4C23-8A0C-64C21531B682}"
EndProject
Project("{FAE04EC0-301F-11D3-BF4B-00C04F79EFBC}") = "Annium.Components.Operations.Tests", "shared\test\Annium.Components.Operations.Tests\Annium.Components.Operations.Tests.csproj", "{7B0AEDBA-B38D-4D68-B5D1-1B10C4DE237A}"
EndProject
Project("{2150E333-8FDC-42A3-9474-1A3956D46DE8}") = "src", "src", "{3E7AB789-9BF5-49F5-984F-B048B63E7028}"
EndProject
Project("{FAE04EC0-301F-11D3-BF4B-00C04F79EFBC}") = "Annium.Components.State", "shared\src\Annium.Components.State\Annium.Components.State.csproj", "{3EB73713-AA68-46B7-AE3B-A0DB5C1C58F8}"
EndProject
Project("{FAE04EC0-301F-11D3-BF4B-00C04F79EFBC}") = "Annium.Components.State.Core", "shared\src\Annium.Components.State.Core\Annium.Components.State.Core.csproj", "{BFC188A1-6670-4956-B86D-2DD6F75F3A72}"
EndProject
Project("{FAE04EC0-301F-11D3-BF4B-00C04F79EFBC}") = "Annium.Components.State.Forms", "shared\src\Annium.Components.State.Forms\Annium.Components.State.Forms.csproj", "{0D5CC45F-F50B-498D-ADDB-3FFC0D2E17EF}"
EndProject
Project("{FAE04EC0-301F-11D3-BF4B-00C04F79EFBC}") = "Annium.Components.State.Forms.Tests", "shared\test\Annium.Components.State.Forms.Tests\Annium.Components.State.Forms.Tests.csproj", "{3755EC96-067E-4FDA-B3E0-F094F5FD9331}"
EndProject
Project("{FAE04EC0-301F-11D3-BF4B-00C04F79EFBC}") = "Annium.Components.State.Operations", "shared\src\Annium.Components.State.Operations\Annium.Components.State.Operations.csproj", "{7E22B42C-9CC3-4DDE-B283-C787BDE9229D}"
EndProject
Project("{2150E333-8FDC-42A3-9474-1A3956D46DE8}") = "demo", "demo", "{90AD4DE3-AA1D-4A34-9DEA-795E315AB208}"
EndProject
Project("{FAE04EC0-301F-11D3-BF4B-00C04F79EFBC}") = "Demo.Blazor.Charts", "web\demo\Demo.Blazor.Charts\Demo.Blazor.Charts.csproj", "{4D69220E-8A82-4BF2-ADDB-4E8957D50CEF}"
EndProject
Project("{FAE04EC0-301F-11D3-BF4B-00C04F79EFBC}") = "Demo.Blazor.Interop", "web\demo\Demo.Blazor.Interop\Demo.Blazor.Interop.csproj", "{C6FDC3F7-1E29-4F46-8FE0-60A7D6FF2B7A}"
EndProject
Global
	GlobalSection(SolutionConfigurationPlatforms) = preSolution
		Debug|Any CPU = Debug|Any CPU
		Release|Any CPU = Release|Any CPU
	EndGlobalSection
	GlobalSection(SolutionProperties) = preSolution
		HideSolutionNode = FALSE
	EndGlobalSection
	GlobalSection(ProjectConfigurationPlatforms) = postSolution
		{4813CDA6-B134-4227-B63C-2EBC2957FE70}.Debug|Any CPU.ActiveCfg = Debug|Any CPU
		{4813CDA6-B134-4227-B63C-2EBC2957FE70}.Debug|Any CPU.Build.0 = Debug|Any CPU
		{4813CDA6-B134-4227-B63C-2EBC2957FE70}.Release|Any CPU.ActiveCfg = Release|Any CPU
		{4813CDA6-B134-4227-B63C-2EBC2957FE70}.Release|Any CPU.Build.0 = Release|Any CPU
		{44A414FD-BBC9-4894-AA3A-D82285A1D04C}.Debug|Any CPU.ActiveCfg = Debug|Any CPU
		{44A414FD-BBC9-4894-AA3A-D82285A1D04C}.Debug|Any CPU.Build.0 = Debug|Any CPU
		{44A414FD-BBC9-4894-AA3A-D82285A1D04C}.Release|Any CPU.ActiveCfg = Release|Any CPU
		{44A414FD-BBC9-4894-AA3A-D82285A1D04C}.Release|Any CPU.Build.0 = Release|Any CPU
		{DC40688D-0515-497C-9272-BDC81341B4A4}.Debug|Any CPU.ActiveCfg = Debug|Any CPU
		{DC40688D-0515-497C-9272-BDC81341B4A4}.Debug|Any CPU.Build.0 = Debug|Any CPU
		{DC40688D-0515-497C-9272-BDC81341B4A4}.Release|Any CPU.ActiveCfg = Release|Any CPU
		{DC40688D-0515-497C-9272-BDC81341B4A4}.Release|Any CPU.Build.0 = Release|Any CPU
		{E24C1957-9073-4408-8D7E-031A94857D26}.Debug|Any CPU.ActiveCfg = Debug|Any CPU
		{E24C1957-9073-4408-8D7E-031A94857D26}.Debug|Any CPU.Build.0 = Debug|Any CPU
		{E24C1957-9073-4408-8D7E-031A94857D26}.Release|Any CPU.ActiveCfg = Release|Any CPU
		{E24C1957-9073-4408-8D7E-031A94857D26}.Release|Any CPU.Build.0 = Release|Any CPU
		{CC2FE4C3-899F-4846-A344-3003032F615A}.Debug|Any CPU.ActiveCfg = Debug|Any CPU
		{CC2FE4C3-899F-4846-A344-3003032F615A}.Debug|Any CPU.Build.0 = Debug|Any CPU
		{CC2FE4C3-899F-4846-A344-3003032F615A}.Release|Any CPU.ActiveCfg = Release|Any CPU
		{CC2FE4C3-899F-4846-A344-3003032F615A}.Release|Any CPU.Build.0 = Release|Any CPU
		{C560EE43-5D64-46E6-AF94-49DC69BBC06A}.Debug|Any CPU.ActiveCfg = Debug|Any CPU
		{C560EE43-5D64-46E6-AF94-49DC69BBC06A}.Debug|Any CPU.Build.0 = Debug|Any CPU
		{C560EE43-5D64-46E6-AF94-49DC69BBC06A}.Release|Any CPU.ActiveCfg = Release|Any CPU
		{C560EE43-5D64-46E6-AF94-49DC69BBC06A}.Release|Any CPU.Build.0 = Release|Any CPU
		{54E6F165-3D3D-430F-9EE5-2FB2E4365633}.Debug|Any CPU.ActiveCfg = Debug|Any CPU
		{54E6F165-3D3D-430F-9EE5-2FB2E4365633}.Debug|Any CPU.Build.0 = Debug|Any CPU
		{54E6F165-3D3D-430F-9EE5-2FB2E4365633}.Release|Any CPU.ActiveCfg = Release|Any CPU
		{54E6F165-3D3D-430F-9EE5-2FB2E4365633}.Release|Any CPU.Build.0 = Release|Any CPU
		{244625F2-0170-4E43-B063-387D0B75A7C9}.Debug|Any CPU.ActiveCfg = Debug|Any CPU
		{244625F2-0170-4E43-B063-387D0B75A7C9}.Debug|Any CPU.Build.0 = Debug|Any CPU
		{244625F2-0170-4E43-B063-387D0B75A7C9}.Release|Any CPU.ActiveCfg = Release|Any CPU
		{244625F2-0170-4E43-B063-387D0B75A7C9}.Release|Any CPU.Build.0 = Release|Any CPU
		{09D5D968-507D-4F03-A485-FCED49009006}.Debug|Any CPU.ActiveCfg = Debug|Any CPU
		{09D5D968-507D-4F03-A485-FCED49009006}.Debug|Any CPU.Build.0 = Debug|Any CPU
		{09D5D968-507D-4F03-A485-FCED49009006}.Release|Any CPU.ActiveCfg = Release|Any CPU
		{09D5D968-507D-4F03-A485-FCED49009006}.Release|Any CPU.Build.0 = Release|Any CPU
		{BD58D0C4-99E5-43EA-8B9E-F9B07FC6337E}.Debug|Any CPU.ActiveCfg = Debug|Any CPU
		{BD58D0C4-99E5-43EA-8B9E-F9B07FC6337E}.Debug|Any CPU.Build.0 = Debug|Any CPU
		{BD58D0C4-99E5-43EA-8B9E-F9B07FC6337E}.Release|Any CPU.ActiveCfg = Release|Any CPU
		{BD58D0C4-99E5-43EA-8B9E-F9B07FC6337E}.Release|Any CPU.Build.0 = Release|Any CPU
		{6F0649AE-2F82-43D9-8408-48C25BAB65B4}.Debug|Any CPU.ActiveCfg = Debug|Any CPU
		{6F0649AE-2F82-43D9-8408-48C25BAB65B4}.Debug|Any CPU.Build.0 = Debug|Any CPU
		{6F0649AE-2F82-43D9-8408-48C25BAB65B4}.Release|Any CPU.ActiveCfg = Release|Any CPU
		{6F0649AE-2F82-43D9-8408-48C25BAB65B4}.Release|Any CPU.Build.0 = Release|Any CPU
		{BDB10577-66DC-4B87-A11B-AF15E4483314}.Debug|Any CPU.ActiveCfg = Debug|Any CPU
		{BDB10577-66DC-4B87-A11B-AF15E4483314}.Debug|Any CPU.Build.0 = Debug|Any CPU
		{BDB10577-66DC-4B87-A11B-AF15E4483314}.Release|Any CPU.ActiveCfg = Release|Any CPU
		{BDB10577-66DC-4B87-A11B-AF15E4483314}.Release|Any CPU.Build.0 = Release|Any CPU
		{63596C0E-BF22-4BAE-804F-579F4E372832}.Debug|Any CPU.ActiveCfg = Debug|Any CPU
		{63596C0E-BF22-4BAE-804F-579F4E372832}.Debug|Any CPU.Build.0 = Debug|Any CPU
		{63596C0E-BF22-4BAE-804F-579F4E372832}.Release|Any CPU.ActiveCfg = Release|Any CPU
		{63596C0E-BF22-4BAE-804F-579F4E372832}.Release|Any CPU.Build.0 = Release|Any CPU
		{7B0AEDBA-B38D-4D68-B5D1-1B10C4DE237A}.Debug|Any CPU.ActiveCfg = Debug|Any CPU
		{7B0AEDBA-B38D-4D68-B5D1-1B10C4DE237A}.Debug|Any CPU.Build.0 = Debug|Any CPU
		{7B0AEDBA-B38D-4D68-B5D1-1B10C4DE237A}.Release|Any CPU.ActiveCfg = Release|Any CPU
		{7B0AEDBA-B38D-4D68-B5D1-1B10C4DE237A}.Release|Any CPU.Build.0 = Release|Any CPU
		{3EB73713-AA68-46B7-AE3B-A0DB5C1C58F8}.Debug|Any CPU.ActiveCfg = Debug|Any CPU
		{3EB73713-AA68-46B7-AE3B-A0DB5C1C58F8}.Debug|Any CPU.Build.0 = Debug|Any CPU
		{3EB73713-AA68-46B7-AE3B-A0DB5C1C58F8}.Release|Any CPU.ActiveCfg = Release|Any CPU
		{3EB73713-AA68-46B7-AE3B-A0DB5C1C58F8}.Release|Any CPU.Build.0 = Release|Any CPU
		{BFC188A1-6670-4956-B86D-2DD6F75F3A72}.Debug|Any CPU.ActiveCfg = Debug|Any CPU
		{BFC188A1-6670-4956-B86D-2DD6F75F3A72}.Debug|Any CPU.Build.0 = Debug|Any CPU
		{BFC188A1-6670-4956-B86D-2DD6F75F3A72}.Release|Any CPU.ActiveCfg = Release|Any CPU
		{BFC188A1-6670-4956-B86D-2DD6F75F3A72}.Release|Any CPU.Build.0 = Release|Any CPU
		{0D5CC45F-F50B-498D-ADDB-3FFC0D2E17EF}.Debug|Any CPU.ActiveCfg = Debug|Any CPU
		{0D5CC45F-F50B-498D-ADDB-3FFC0D2E17EF}.Debug|Any CPU.Build.0 = Debug|Any CPU
		{0D5CC45F-F50B-498D-ADDB-3FFC0D2E17EF}.Release|Any CPU.ActiveCfg = Release|Any CPU
		{0D5CC45F-F50B-498D-ADDB-3FFC0D2E17EF}.Release|Any CPU.Build.0 = Release|Any CPU
		{3755EC96-067E-4FDA-B3E0-F094F5FD9331}.Debug|Any CPU.ActiveCfg = Debug|Any CPU
		{3755EC96-067E-4FDA-B3E0-F094F5FD9331}.Debug|Any CPU.Build.0 = Debug|Any CPU
		{3755EC96-067E-4FDA-B3E0-F094F5FD9331}.Release|Any CPU.ActiveCfg = Release|Any CPU
		{3755EC96-067E-4FDA-B3E0-F094F5FD9331}.Release|Any CPU.Build.0 = Release|Any CPU
		{7E22B42C-9CC3-4DDE-B283-C787BDE9229D}.Debug|Any CPU.ActiveCfg = Debug|Any CPU
		{7E22B42C-9CC3-4DDE-B283-C787BDE9229D}.Debug|Any CPU.Build.0 = Debug|Any CPU
		{7E22B42C-9CC3-4DDE-B283-C787BDE9229D}.Release|Any CPU.ActiveCfg = Release|Any CPU
		{7E22B42C-9CC3-4DDE-B283-C787BDE9229D}.Release|Any CPU.Build.0 = Release|Any CPU
		{4D69220E-8A82-4BF2-ADDB-4E8957D50CEF}.Debug|Any CPU.ActiveCfg = Debug|Any CPU
		{4D69220E-8A82-4BF2-ADDB-4E8957D50CEF}.Debug|Any CPU.Build.0 = Debug|Any CPU
		{4D69220E-8A82-4BF2-ADDB-4E8957D50CEF}.Release|Any CPU.ActiveCfg = Release|Any CPU
		{4D69220E-8A82-4BF2-ADDB-4E8957D50CEF}.Release|Any CPU.Build.0 = Release|Any CPU
		{C6FDC3F7-1E29-4F46-8FE0-60A7D6FF2B7A}.Debug|Any CPU.ActiveCfg = Debug|Any CPU
		{C6FDC3F7-1E29-4F46-8FE0-60A7D6FF2B7A}.Debug|Any CPU.Build.0 = Debug|Any CPU
		{C6FDC3F7-1E29-4F46-8FE0-60A7D6FF2B7A}.Release|Any CPU.ActiveCfg = Release|Any CPU
		{C6FDC3F7-1E29-4F46-8FE0-60A7D6FF2B7A}.Release|Any CPU.Build.0 = Release|Any CPU
	EndGlobalSection
	GlobalSection(NestedProjects) = preSolution
		{6CF3F433-A572-4937-ACA5-CB6C98E4AEBD} = {18BEDE91-339C-42AA-8037-7D67146BBD24}
		{4813CDA6-B134-4227-B63C-2EBC2957FE70} = {6CF3F433-A572-4937-ACA5-CB6C98E4AEBD}
		{44A414FD-BBC9-4894-AA3A-D82285A1D04C} = {6CF3F433-A572-4937-ACA5-CB6C98E4AEBD}
		{56406475-B2CE-4E5B-89CD-E7218F12BFC0} = {18BEDE91-339C-42AA-8037-7D67146BBD24}
		{DC40688D-0515-497C-9272-BDC81341B4A4} = {56406475-B2CE-4E5B-89CD-E7218F12BFC0}
		{E24C1957-9073-4408-8D7E-031A94857D26} = {6CF3F433-A572-4937-ACA5-CB6C98E4AEBD}
		{CC2FE4C3-899F-4846-A344-3003032F615A} = {56406475-B2CE-4E5B-89CD-E7218F12BFC0}
		{C560EE43-5D64-46E6-AF94-49DC69BBC06A} = {6CF3F433-A572-4937-ACA5-CB6C98E4AEBD}
		{54E6F165-3D3D-430F-9EE5-2FB2E4365633} = {56406475-B2CE-4E5B-89CD-E7218F12BFC0}
		{244625F2-0170-4E43-B063-387D0B75A7C9} = {6CF3F433-A572-4937-ACA5-CB6C98E4AEBD}
		{09D5D968-507D-4F03-A485-FCED49009006} = {6CF3F433-A572-4937-ACA5-CB6C98E4AEBD}
		{BD58D0C4-99E5-43EA-8B9E-F9B07FC6337E} = {6CF3F433-A572-4937-ACA5-CB6C98E4AEBD}
		{6F0649AE-2F82-43D9-8408-48C25BAB65B4} = {6CF3F433-A572-4937-ACA5-CB6C98E4AEBD}
		{BDB10577-66DC-4B87-A11B-AF15E4483314} = {56406475-B2CE-4E5B-89CD-E7218F12BFC0}
		{63596C0E-BF22-4BAE-804F-579F4E372832} = {6CF3F433-A572-4937-ACA5-CB6C98E4AEBD}
		{BAC6BFF7-A822-4C23-8A0C-64C21531B682} = {96C61CE3-D886-4002-AC73-AE1B069D656C}
		{7B0AEDBA-B38D-4D68-B5D1-1B10C4DE237A} = {BAC6BFF7-A822-4C23-8A0C-64C21531B682}
		{3E7AB789-9BF5-49F5-984F-B048B63E7028} = {96C61CE3-D886-4002-AC73-AE1B069D656C}
		{3EB73713-AA68-46B7-AE3B-A0DB5C1C58F8} = {3E7AB789-9BF5-49F5-984F-B048B63E7028}
		{BFC188A1-6670-4956-B86D-2DD6F75F3A72} = {3E7AB789-9BF5-49F5-984F-B048B63E7028}
		{0D5CC45F-F50B-498D-ADDB-3FFC0D2E17EF} = {3E7AB789-9BF5-49F5-984F-B048B63E7028}
		{3755EC96-067E-4FDA-B3E0-F094F5FD9331} = {BAC6BFF7-A822-4C23-8A0C-64C21531B682}
		{7E22B42C-9CC3-4DDE-B283-C787BDE9229D} = {3E7AB789-9BF5-49F5-984F-B048B63E7028}
		{90AD4DE3-AA1D-4A34-9DEA-795E315AB208} = {18BEDE91-339C-42AA-8037-7D67146BBD24}
		{4D69220E-8A82-4BF2-ADDB-4E8957D50CEF} = {90AD4DE3-AA1D-4A34-9DEA-795E315AB208}
		{C6FDC3F7-1E29-4F46-8FE0-60A7D6FF2B7A} = {90AD4DE3-AA1D-4A34-9DEA-795E315AB208}
	EndGlobalSection
EndGlobal
